
Microsoft Visual Studio Solution File, Format Version 12.00
Project("{2150E333-8FDC-42A3-9474-1A3956D46DE8}") = "ApiGateWays", "ApiGateWays", "{332E43A6-F7F0-4D1F-9754-92E70E096F94}"
EndProject
Project("{2150E333-8FDC-42A3-9474-1A3956D46DE8}") = "Services", "Services", "{E961BBC8-049F-4F26-99CC-565B960000B9}"
EndProject
Project("{FAE04EC0-301F-11D3-BF4B-00C04F79EFBC}") = "CatalogService", "CatalogService\CatalogService.csproj", "{3A9EE817-89F7-4CB3-BD44-E8B90C9056DB}"
EndProject
Project("{FAE04EC0-301F-11D3-BF4B-00C04F79EFBC}") = "BasketService", "BasketService\BasketService.csproj", "{2728BDCD-BE8B-47D1-8F10-12ADC3B420E3}"
EndProject
Project("{FAE04EC0-301F-11D3-BF4B-00C04F79EFBC}") = "OrderService", "OrderService\OrderService.csproj", "{4CFDD4B5-AE3D-446E-8046-914F2F88631C}"
EndProject
Project("{2150E333-8FDC-42A3-9474-1A3956D46DE8}") = "DiscountService", "DiscountService", "{6785E017-D448-47E9-A01D-DEF58260CB80}"
EndProject
Project("{FAE04EC0-301F-11D3-BF4B-00C04F79EFBC}") = "DiscountService.API", "DiscountService.API\DiscountService.API.csproj", "{628734DB-5DC4-4175-A027-104300F1757B}"
EndProject
Project("{FAE04EC0-301F-11D3-BF4B-00C04F79EFBC}") = "DiscountService.Grpc", "DiscountService.Grpc\DiscountService.Grpc.csproj", "{6795D853-2D57-4A1C-A6E6-7E85C0A15101}"
EndProject
Project("{FAE04EC0-301F-11D3-BF4B-00C04F79EFBC}") = "OcelotApiGateway", "OcelotApiGateway\OcelotApiGateway.csproj", "{A5FCA0B3-209A-4412-A544-F658E65408A1}"
EndProject
Global
	GlobalSection(SolutionConfigurationPlatforms) = preSolution
		Debug|Any CPU = Debug|Any CPU
		Release|Any CPU = Release|Any CPU
	EndGlobalSection
	GlobalSection(NestedProjects) = preSolution
		{3A9EE817-89F7-4CB3-BD44-E8B90C9056DB} = {E961BBC8-049F-4F26-99CC-565B960000B9}
		{2728BDCD-BE8B-47D1-8F10-12ADC3B420E3} = {E961BBC8-049F-4F26-99CC-565B960000B9}
		{4CFDD4B5-AE3D-446E-8046-914F2F88631C} = {E961BBC8-049F-4F26-99CC-565B960000B9}
		{6785E017-D448-47E9-A01D-DEF58260CB80} = {E961BBC8-049F-4F26-99CC-565B960000B9}
		{628734DB-5DC4-4175-A027-104300F1757B} = {6785E017-D448-47E9-A01D-DEF58260CB80}
		{6795D853-2D57-4A1C-A6E6-7E85C0A15101} = {6785E017-D448-47E9-A01D-DEF58260CB80}
		{A5FCA0B3-209A-4412-A544-F658E65408A1} = {332E43A6-F7F0-4D1F-9754-92E70E096F94}
	EndGlobalSection
	GlobalSection(ProjectConfigurationPlatforms) = postSolution
		{3A9EE817-89F7-4CB3-BD44-E8B90C9056DB}.Debug|Any CPU.ActiveCfg = Debug|Any CPU
		{3A9EE817-89F7-4CB3-BD44-E8B90C9056DB}.Debug|Any CPU.Build.0 = Debug|Any CPU
		{3A9EE817-89F7-4CB3-BD44-E8B90C9056DB}.Release|Any CPU.ActiveCfg = Release|Any CPU
		{3A9EE817-89F7-4CB3-BD44-E8B90C9056DB}.Release|Any CPU.Build.0 = Release|Any CPU
		{2728BDCD-BE8B-47D1-8F10-12ADC3B420E3}.Debug|Any CPU.ActiveCfg = Debug|Any CPU
		{2728BDCD-BE8B-47D1-8F10-12ADC3B420E3}.Debug|Any CPU.Build.0 = Debug|Any CPU
		{2728BDCD-BE8B-47D1-8F10-12ADC3B420E3}.Release|Any CPU.ActiveCfg = Release|Any CPU
		{2728BDCD-BE8B-47D1-8F10-12ADC3B420E3}.Release|Any CPU.Build.0 = Release|Any CPU
		{4CFDD4B5-AE3D-446E-8046-914F2F88631C}.Debug|Any CPU.ActiveCfg = Debug|Any CPU
		{4CFDD4B5-AE3D-446E-8046-914F2F88631C}.Debug|Any CPU.Build.0 = Debug|Any CPU
		{4CFDD4B5-AE3D-446E-8046-914F2F88631C}.Release|Any CPU.ActiveCfg = Release|Any CPU
		{4CFDD4B5-AE3D-446E-8046-914F2F88631C}.Release|Any CPU.Build.0 = Release|Any CPU
		{628734DB-5DC4-4175-A027-104300F1757B}.Debug|Any CPU.ActiveCfg = Debug|Any CPU
		{628734DB-5DC4-4175-A027-104300F1757B}.Debug|Any CPU.Build.0 = Debug|Any CPU
		{628734DB-5DC4-4175-A027-104300F1757B}.Release|Any CPU.ActiveCfg = Release|Any CPU
		{628734DB-5DC4-4175-A027-104300F1757B}.Release|Any CPU.Build.0 = Release|Any CPU
		{6795D853-2D57-4A1C-A6E6-7E85C0A15101}.Debug|Any CPU.ActiveCfg = Debug|Any CPU
		{6795D853-2D57-4A1C-A6E6-7E85C0A15101}.Debug|Any CPU.Build.0 = Debug|Any CPU
		{6795D853-2D57-4A1C-A6E6-7E85C0A15101}.Release|Any CPU.ActiveCfg = Release|Any CPU
		{6795D853-2D57-4A1C-A6E6-7E85C0A15101}.Release|Any CPU.Build.0 = Release|Any CPU
		{A5FCA0B3-209A-4412-A544-F658E65408A1}.Debug|Any CPU.ActiveCfg = Debug|Any CPU
		{A5FCA0B3-209A-4412-A544-F658E65408A1}.Debug|Any CPU.Build.0 = Debug|Any CPU
		{A5FCA0B3-209A-4412-A544-F658E65408A1}.Release|Any CPU.ActiveCfg = Release|Any CPU
		{A5FCA0B3-209A-4412-A544-F658E65408A1}.Release|Any CPU.Build.0 = Release|Any CPU
	EndGlobalSection
EndGlobal
